
Microsoft Visual Studio Solution File, Format Version 12.00
# Visual Studio Version 16
VisualStudioVersion = 16.0.29306.81
MinimumVisualStudioVersion = 10.0.40219.1
Project("{FAE04EC0-301F-11D3-BF4B-00C04F79EFBC}") = "Yahtzee", "Yahtzee\Yahtzee.csproj", "{B4DA79DC-96CF-4535-9946-D3187DADE4CE}"
EndProject
Global
	GlobalSection(SolutionConfigurationPlatforms) = preSolution
		Debug|Any CPU = Debug|Any CPU
		Release|Any CPU = Release|Any CPU
	EndGlobalSection
	GlobalSection(ProjectConfigurationPlatforms) = postSolution
		{B4DA79DC-96CF-4535-9946-D3187DADE4CE}.Debug|Any CPU.ActiveCfg = Debug|Any CPU
		{B4DA79DC-96CF-4535-9946-D3187DADE4CE}.Debug|Any CPU.Build.0 = Debug|Any CPU
		{B4DA79DC-96CF-4535-9946-D3187DADE4CE}.Release|Any CPU.ActiveCfg = Release|Any CPU
		{B4DA79DC-96CF-4535-9946-D3187DADE4CE}.Release|Any CPU.Build.0 = Release|Any CPU
	EndGlobalSection
	GlobalSection(SolutionProperties) = preSolution
		HideSolutionNode = FALSE
	EndGlobalSection
	GlobalSection(ExtensibilityGlobals) = postSolution
		SolutionGuid = {A1D831A1-89B9-4B11-B9F2-E7DA8C29F018}
	EndGlobalSection
EndGlobal
